<?xml version="1.0" encoding="utf-8"?>
<Project ToolsVersion="4.0" xmlns="http://schemas.microsoft.com/developer/msbuild/2003">
  <ItemGroup>
    <Filter Include="Source Files">
      <UniqueIdentifier>{4FC737F1-C7A5-4376-A066-2A32D752A2FF}</UniqueIdentifier>
      <Extensions>cpp;c;cc;cxx;c++;cppm;ixx;def;odl;idl;hpj;bat;asm;asmx</Extensions>
    </Filter>
    <Filter Include="Header Files">
      <UniqueIdentifier>{93995380-89BD-4b04-88EB-625FBE52EBFB}</UniqueIdentifier>
      <Extensions>h;hh;hpp;hxx;h++;hm;inl;inc;ipp;xsd</Extensions>
    </Filter>
    <Filter Include="Resource Files">
      <UniqueIdentifier>{67DA6AB6-F800-4c08-8B7A-83BB121AAD01}</UniqueIdentifier>
      <Extensions>rc;ico;cur;bmp;dlg;rc2;rct;bin;rgs;gif;jpg;jpeg;jpe;resx;tiff;tif;png;wav;mfcribbon-ms</Extensions>
    </Filter>
    <Filter Include="Header Files\thirdparty">
      <UniqueIdentifier>{fd155fde-76d8-4c5d-bd31-70e00e16e562}</UniqueIdentifier>
    </Filter>
    <Filter Include="Header Files\thirdparty\nlohmann">
      <UniqueIdentifier>{5c7714b5-9937-4670-a4a6-5486a0e88c44}</UniqueIdentifier>
    </Filter>
  </ItemGroup>
  <ItemGroup>
    <ClCompile Include="main.cpp">
      <Filter>Source Files</Filter>
    </ClCompile>
    <ClCompile Include="core\Object.cpp">
      <Filter>Source Files</Filter>
    </ClCompile>
    <ClCompile Include="core\Component.cpp">
      <Filter>Source Files</Filter>
    </ClCompile>
    <ClCompile Include="core\Station.cpp">
      <Filter>Source Files</Filter>
    </ClCompile>
    <ClCompile Include="core\SimulaApplication.cpp">
      <Filter>Source Files</Filter>
    </ClCompile>
    <ClCompile Include="core\SimulaTree.cpp">
      <Filter>Source Files</Filter>
    </ClCompile>
  </ItemGroup>
  <ItemGroup>
    <ClInclude Include="core\Object.h">
      <Filter>Header Files</Filter>
    </ClInclude>
    <ClInclude Include="core\Component.h">
      <Filter>Header Files</Filter>
    </ClInclude>
    <ClInclude Include="thirdparty\nlohmann\json.hpp">
      <Filter>Header Files\thirdparty\nlohmann</Filter>
    </ClInclude>
    <ClInclude Include="core\Station.h">
      <Filter>Header Files</Filter>
    </ClInclude>
    <ClInclude Include="core\SimulaApplication.h">
      <Filter>Header Files</Filter>
    </ClInclude>
    <ClInclude Include="core\SimulaTree.h">
      <Filter>Header Files</Filter>
    </ClInclude>
    <ClInclude Include="core\ClassRegistry.h">
      <Filter>Header Files</Filter>
    </ClInclude>
  </ItemGroup>
</Project>